
Microsoft Visual Studio Solution File, Format Version 12.00
# Visual Studio Version 17
VisualStudioVersion = 17.5.002.0
MinimumVisualStudioVersion = 10.0.40219.1
Project("{2150E333-8FDC-42A3-9474-1A3956D46DE8}") = "csharp-prep", "csharp-prep", "{170821E8-8D03-4511-A597-EF18D9A54981}"
EndProject
Project("{9A19103F-16F7-4668-BE54-9A1E7A4F7556}") = "Prep1", "csharp-prep\Prep1\Prep1.csproj", "{1E5DDBBF-0711-40C0-BC81-169232FEBAB7}"
EndProject
Project("{9A19103F-16F7-4668-BE54-9A1E7A4F7556}") = "Prep2", "csharp-prep\Prep2\Prep2.csproj", "{47F7DE68-2DE5-4CE3-AB4C-61DA100F2254}"
EndProject
Project("{9A19103F-16F7-4668-BE54-9A1E7A4F7556}") = "Prep3", "csharp-prep\Prep3\Prep3.csproj", "{0370161C-E17D-4678-86C8-A566DE145CDA}"
EndProject
Project("{9A19103F-16F7-4668-BE54-9A1E7A4F7556}") = "Prep4", "csharp-prep\Prep4\Prep4.csproj", "{B72E13A9-38F2-47CB-8347-1CA905828060}"
EndProject
Project("{9A19103F-16F7-4668-BE54-9A1E7A4F7556}") = "Prep5", "csharp-prep\Prep5\Prep5.csproj", "{9803A13B-83AB-4EE0-9E2F-EAC61B6904C1}"
EndProject
Project("{2150E333-8FDC-42A3-9474-1A3956D46DE8}") = "final", "final", "{D565A921-0C3A-4431-B256-151FD03F9223}"
EndProject
Project("{9A19103F-16F7-4668-BE54-9A1E7A4F7556}") = "FinalProject", "final\FinalProject\FinalProject.csproj", "{369ECEB7-E830-4ACD-8404-C907742B708A}"
EndProject
Project("{9A19103F-16F7-4668-BE54-9A1E7A4F7556}") = "Foundation1", "final\Foundation1\Foundation1.csproj", "{C9CD4E04-CABC-49CC-AFDB-6C341CE152BF}"
EndProject
Project("{9A19103F-16F7-4668-BE54-9A1E7A4F7556}") = "Foundation2", "final\Foundation2\Foundation2.csproj", "{29ECFBD3-A68E-4826-AA10-FA467D6BC668}"
EndProject
Project("{9A19103F-16F7-4668-BE54-9A1E7A4F7556}") = "Foundation3", "final\Foundation3\Foundation3.csproj", "{E7BFD1E4-E7D7-4190-88A8-B2E5295AEAF5}"
EndProject
Project("{9A19103F-16F7-4668-BE54-9A1E7A4F7556}") = "Foundation4", "final\Foundation4\Foundation4.csproj", "{A37ACDCC-CF1B-409E-8D87-C5B8C430A232}"
EndProject
Project("{2150E333-8FDC-42A3-9474-1A3956D46DE8}") = "prepare", "prepare", "{1791F080-7C82-4B7B-B473-BFD4F4DFF83D}"
EndProject
Project("{9A19103F-16F7-4668-BE54-9A1E7A4F7556}") = "Learning02", "prepare\Learning02\Learning02.csproj", "{CB458C23-E1B0-4E54-98D2-EDBB13A38658}"
EndProject
Project("{9A19103F-16F7-4668-BE54-9A1E7A4F7556}") = "Learning03", "prepare\Learning03\Learning03.csproj", "{E050F09E-5A4E-4F56-A271-A77B002E1227}"
EndProject
Project("{9A19103F-16F7-4668-BE54-9A1E7A4F7556}") = "Learning04", "prepare\Learning04\Learning04.csproj", "{53C57098-EB64-4461-918C-0142CF87107F}"
EndProject
Project("{9A19103F-16F7-4668-BE54-9A1E7A4F7556}") = "Learning05", "prepare\Learning05\Learning05.csproj", "{050E3E18-4A05-4616-9C11-98C4EB8C58BF}"
EndProject
Project("{2150E333-8FDC-42A3-9474-1A3956D46DE8}") = "prove", "prove", "{EEC2B095-F078-4E0A-8D53-96EC8C8E3B53}"
EndProject
Project("{9A19103F-16F7-4668-BE54-9A1E7A4F7556}") = "Develop02", "prove\Develop02\Develop02.csproj", "{9F2B684F-B2AF-4036-9E72-6D0B3D131CC8}"
EndProject
Project("{9A19103F-16F7-4668-BE54-9A1E7A4F7556}") = "Develop03", "prove\Develop03\Develop03.csproj", "{38E14781-4824-4DE9-A4F7-C6D9ED0D4BF7}"
EndProject
Project("{9A19103F-16F7-4668-BE54-9A1E7A4F7556}") = "Develop04", "prove\Develop04\Develop04.csproj", "{28693372-7B33-480E-BAE1-2AD724E0DB59}"
EndProject
Project("{9A19103F-16F7-4668-BE54-9A1E7A4F7556}") = "Develop05", "prove\Develop05\Develop05.csproj", "{4D4B841A-86C8-4939-95CA-E08A11798F51}"
EndProject
Project("{2150E333-8FDC-42A3-9474-1A3956D46DE8}") = "sandbox", "sandbox", "{FD7B7765-CE65-4CAD-AD57-FB4A43446C98}"
EndProject
Project("{9A19103F-16F7-4668-BE54-9A1E7A4F7556}") = "Sandbox", "sandbox\Sandbox\Sandbox.csproj", "{85593273-06B6-47A9-807A-7EE8C26471F2}"
EndProject
Global
	GlobalSection(SolutionConfigurationPlatforms) = preSolution
		Debug|Any CPU = Debug|Any CPU
		Release|Any CPU = Release|Any CPU
	EndGlobalSection
	GlobalSection(ProjectConfigurationPlatforms) = postSolution
		{1E5DDBBF-0711-40C0-BC81-169232FEBAB7}.Debug|Any CPU.ActiveCfg = Debug|Any CPU
		{1E5DDBBF-0711-40C0-BC81-169232FEBAB7}.Debug|Any CPU.Build.0 = Debug|Any CPU
		{1E5DDBBF-0711-40C0-BC81-169232FEBAB7}.Release|Any CPU.ActiveCfg = Release|Any CPU
		{1E5DDBBF-0711-40C0-BC81-169232FEBAB7}.Release|Any CPU.Build.0 = Release|Any CPU
		{47F7DE68-2DE5-4CE3-AB4C-61DA100F2254}.Debug|Any CPU.ActiveCfg = Debug|Any CPU
		{47F7DE68-2DE5-4CE3-AB4C-61DA100F2254}.Debug|Any CPU.Build.0 = Debug|Any CPU
		{47F7DE68-2DE5-4CE3-AB4C-61DA100F2254}.Release|Any CPU.ActiveCfg = Release|Any CPU
		{47F7DE68-2DE5-4CE3-AB4C-61DA100F2254}.Release|Any CPU.Build.0 = Release|Any CPU
		{0370161C-E17D-4678-86C8-A566DE145CDA}.Debug|Any CPU.ActiveCfg = Debug|Any CPU
		{0370161C-E17D-4678-86C8-A566DE145CDA}.Debug|Any CPU.Build.0 = Debug|Any CPU
		{0370161C-E17D-4678-86C8-A566DE145CDA}.Release|Any CPU.ActiveCfg = Release|Any CPU
		{0370161C-E17D-4678-86C8-A566DE145CDA}.Release|Any CPU.Build.0 = Release|Any CPU
		{B72E13A9-38F2-47CB-8347-1CA905828060}.Debug|Any CPU.ActiveCfg = Debug|Any CPU
		{B72E13A9-38F2-47CB-8347-1CA905828060}.Debug|Any CPU.Build.0 = Debug|Any CPU
		{B72E13A9-38F2-47CB-8347-1CA905828060}.Release|Any CPU.ActiveCfg = Release|Any CPU
		{B72E13A9-38F2-47CB-8347-1CA905828060}.Release|Any CPU.Build.0 = Release|Any CPU
		{9803A13B-83AB-4EE0-9E2F-EAC61B6904C1}.Debug|Any CPU.ActiveCfg = Debug|Any CPU
		{9803A13B-83AB-4EE0-9E2F-EAC61B6904C1}.Debug|Any CPU.Build.0 = Debug|Any CPU
		{9803A13B-83AB-4EE0-9E2F-EAC61B6904C1}.Release|Any CPU.ActiveCfg = Release|Any CPU
		{9803A13B-83AB-4EE0-9E2F-EAC61B6904C1}.Release|Any CPU.Build.0 = Release|Any CPU
		{369ECEB7-E830-4ACD-8404-C907742B708A}.Debug|Any CPU.ActiveCfg = Debug|Any CPU
		{369ECEB7-E830-4ACD-8404-C907742B708A}.Debug|Any CPU.Build.0 = Debug|Any CPU
		{369ECEB7-E830-4ACD-8404-C907742B708A}.Release|Any CPU.ActiveCfg = Release|Any CPU
		{369ECEB7-E830-4ACD-8404-C907742B708A}.Release|Any CPU.Build.0 = Release|Any CPU
		{C9CD4E04-CABC-49CC-AFDB-6C341CE152BF}.Debug|Any CPU.ActiveCfg = Debug|Any CPU
		{C9CD4E04-CABC-49CC-AFDB-6C341CE152BF}.Debug|Any CPU.Build.0 = Debug|Any CPU
		{C9CD4E04-CABC-49CC-AFDB-6C341CE152BF}.Release|Any CPU.ActiveCfg = Release|Any CPU
		{C9CD4E04-CABC-49CC-AFDB-6C341CE152BF}.Release|Any CPU.Build.0 = Release|Any CPU
		{29ECFBD3-A68E-4826-AA10-FA467D6BC668}.Debug|Any CPU.ActiveCfg = Debug|Any CPU
		{29ECFBD3-A68E-4826-AA10-FA467D6BC668}.Debug|Any CPU.Build.0 = Debug|Any CPU
		{29ECFBD3-A68E-4826-AA10-FA467D6BC668}.Release|Any CPU.ActiveCfg = Release|Any CPU
		{29ECFBD3-A68E-4826-AA10-FA467D6BC668}.Release|Any CPU.Build.0 = Release|Any CPU
		{E7BFD1E4-E7D7-4190-88A8-B2E5295AEAF5}.Debug|Any CPU.ActiveCfg = Debug|Any CPU
		{E7BFD1E4-E7D7-4190-88A8-B2E5295AEAF5}.Debug|Any CPU.Build.0 = Debug|Any CPU
		{E7BFD1E4-E7D7-4190-88A8-B2E5295AEAF5}.Release|Any CPU.ActiveCfg = Release|Any CPU
		{E7BFD1E4-E7D7-4190-88A8-B2E5295AEAF5}.Release|Any CPU.Build.0 = Release|Any CPU
		{A37ACDCC-CF1B-409E-8D87-C5B8C430A232}.Debug|Any CPU.ActiveCfg = Debug|Any CPU
		{A37ACDCC-CF1B-409E-8D87-C5B8C430A232}.Debug|Any CPU.Build.0 = Debug|Any CPU
		{A37ACDCC-CF1B-409E-8D87-C5B8C430A232}.Release|Any CPU.ActiveCfg = Release|Any CPU
		{A37ACDCC-CF1B-409E-8D87-C5B8C430A232}.Release|Any CPU.Build.0 = Release|Any CPU
		{CB458C23-E1B0-4E54-98D2-EDBB13A38658}.Debug|Any CPU.ActiveCfg = Debug|Any CPU
		{CB458C23-E1B0-4E54-98D2-EDBB13A38658}.Debug|Any CPU.Build.0 = Debug|Any CPU
		{CB458C23-E1B0-4E54-98D2-EDBB13A38658}.Release|Any CPU.ActiveCfg = Release|Any CPU
		{CB458C23-E1B0-4E54-98D2-EDBB13A38658}.Release|Any CPU.Build.0 = Release|Any CPU
		{E050F09E-5A4E-4F56-A271-A77B002E1227}.Debug|Any CPU.ActiveCfg = Debug|Any CPU
		{E050F09E-5A4E-4F56-A271-A77B002E1227}.Debug|Any CPU.Build.0 = Debug|Any CPU
		{E050F09E-5A4E-4F56-A271-A77B002E1227}.Release|Any CPU.ActiveCfg = Release|Any CPU
		{E050F09E-5A4E-4F56-A271-A77B002E1227}.Release|Any CPU.Build.0 = Release|Any CPU
		{53C57098-EB64-4461-918C-0142CF87107F}.Debug|Any CPU.ActiveCfg = Debug|Any CPU
		{53C57098-EB64-4461-918C-0142CF87107F}.Debug|Any CPU.Build.0 = Debug|Any CPU
		{53C57098-EB64-4461-918C-0142CF87107F}.Release|Any CPU.ActiveCfg = Release|Any CPU
		{53C57098-EB64-4461-918C-0142CF87107F}.Release|Any CPU.Build.0 = Release|Any CPU
		{050E3E18-4A05-4616-9C11-98C4EB8C58BF}.Debug|Any CPU.ActiveCfg = Debug|Any CPU
		{050E3E18-4A05-4616-9C11-98C4EB8C58BF}.Debug|Any CPU.Build.0 = Debug|Any CPU
		{050E3E18-4A05-4616-9C11-98C4EB8C58BF}.Release|Any CPU.ActiveCfg = Release|Any CPU
		{050E3E18-4A05-4616-9C11-98C4EB8C58BF}.Release|Any CPU.Build.0 = Release|Any CPU
		{9F2B684F-B2AF-4036-9E72-6D0B3D131CC8}.Debug|Any CPU.ActiveCfg = Debug|Any CPU
		{9F2B684F-B2AF-4036-9E72-6D0B3D131CC8}.Debug|Any CPU.Build.0 = Debug|Any CPU
		{9F2B684F-B2AF-4036-9E72-6D0B3D131CC8}.Release|Any CPU.ActiveCfg = Release|Any CPU
		{9F2B684F-B2AF-4036-9E72-6D0B3D131CC8}.Release|Any CPU.Build.0 = Release|Any CPU
		{38E14781-4824-4DE9-A4F7-C6D9ED0D4BF7}.Debug|Any CPU.ActiveCfg = Debug|Any CPU
		{38E14781-4824-4DE9-A4F7-C6D9ED0D4BF7}.Debug|Any CPU.Build.0 = Debug|Any CPU
		{38E14781-4824-4DE9-A4F7-C6D9ED0D4BF7}.Release|Any CPU.ActiveCfg = Release|Any CPU
		{38E14781-4824-4DE9-A4F7-C6D9ED0D4BF7}.Release|Any CPU.Build.0 = Release|Any CPU
		{28693372-7B33-480E-BAE1-2AD724E0DB59}.Debug|Any CPU.ActiveCfg = Debug|Any CPU
		{28693372-7B33-480E-BAE1-2AD724E0DB59}.Debug|Any CPU.Build.0 = Debug|Any CPU
		{28693372-7B33-480E-BAE1-2AD724E0DB59}.Release|Any CPU.ActiveCfg = Release|Any CPU
		{28693372-7B33-480E-BAE1-2AD724E0DB59}.Release|Any CPU.Build.0 = Release|Any CPU
		{4D4B841A-86C8-4939-95CA-E08A11798F51}.Debug|Any CPU.ActiveCfg = Debug|Any CPU
		{4D4B841A-86C8-4939-95CA-E08A11798F51}.Debug|Any CPU.Build.0 = Debug|Any CPU
		{4D4B841A-86C8-4939-95CA-E08A11798F51}.Release|Any CPU.ActiveCfg = Release|Any CPU
		{4D4B841A-86C8-4939-95CA-E08A11798F51}.Release|Any CPU.Build.0 = Release|Any CPU
		{85593273-06B6-47A9-807A-7EE8C26471F2}.Debug|Any CPU.ActiveCfg = Debug|Any CPU
		{85593273-06B6-47A9-807A-7EE8C26471F2}.Debug|Any CPU.Build.0 = Debug|Any CPU
		{85593273-06B6-47A9-807A-7EE8C26471F2}.Release|Any CPU.ActiveCfg = Release|Any CPU
		{85593273-06B6-47A9-807A-7EE8C26471F2}.Release|Any CPU.Build.0 = Release|Any CPU
	EndGlobalSection
	GlobalSection(SolutionProperties) = preSolution
		HideSolutionNode = FALSE
	EndGlobalSection
	GlobalSection(NestedProjects) = preSolution
		{1E5DDBBF-0711-40C0-BC81-169232FEBAB7} = {170821E8-8D03-4511-A597-EF18D9A54981}
		{47F7DE68-2DE5-4CE3-AB4C-61DA100F2254} = {170821E8-8D03-4511-A597-EF18D9A54981}
		{0370161C-E17D-4678-86C8-A566DE145CDA} = {170821E8-8D03-4511-A597-EF18D9A54981}
		{B72E13A9-38F2-47CB-8347-1CA905828060} = {170821E8-8D03-4511-A597-EF18D9A54981}
		{9803A13B-83AB-4EE0-9E2F-EAC61B6904C1} = {170821E8-8D03-4511-A597-EF18D9A54981}
		{369ECEB7-E830-4ACD-8404-C907742B708A} = {D565A921-0C3A-4431-B256-151FD03F9223}
		{C9CD4E04-CABC-49CC-AFDB-6C341CE152BF} = {D565A921-0C3A-4431-B256-151FD03F9223}
		{29ECFBD3-A68E-4826-AA10-FA467D6BC668} = {D565A921-0C3A-4431-B256-151FD03F9223}
		{E7BFD1E4-E7D7-4190-88A8-B2E5295AEAF5} = {D565A921-0C3A-4431-B256-151FD03F9223}
		{A37ACDCC-CF1B-409E-8D87-C5B8C430A232} = {D565A921-0C3A-4431-B256-151FD03F9223}
		{CB458C23-E1B0-4E54-98D2-EDBB13A38658} = {1791F080-7C82-4B7B-B473-BFD4F4DFF83D}
		{E050F09E-5A4E-4F56-A271-A77B002E1227} = {1791F080-7C82-4B7B-B473-BFD4F4DFF83D}
		{53C57098-EB64-4461-918C-0142CF87107F} = {1791F080-7C82-4B7B-B473-BFD4F4DFF83D}
		{050E3E18-4A05-4616-9C11-98C4EB8C58BF} = {1791F080-7C82-4B7B-B473-BFD4F4DFF83D}
		{9F2B684F-B2AF-4036-9E72-6D0B3D131CC8} = {EEC2B095-F078-4E0A-8D53-96EC8C8E3B53}
		{38E14781-4824-4DE9-A4F7-C6D9ED0D4BF7} = {EEC2B095-F078-4E0A-8D53-96EC8C8E3B53}
		{28693372-7B33-480E-BAE1-2AD724E0DB59} = {EEC2B095-F078-4E0A-8D53-96EC8C8E3B53}
		{4D4B841A-86C8-4939-95CA-E08A11798F51} = {EEC2B095-F078-4E0A-8D53-96EC8C8E3B53}
		{85593273-06B6-47A9-807A-7EE8C26471F2} = {FD7B7765-CE65-4CAD-AD57-FB4A43446C98}
	EndGlobalSection
	GlobalSection(ExtensibilityGlobals) = postSolution
		SolutionGuid = {14826158-8268-4CFF-B562-975164CF4FD3}
	EndGlobalSection
EndGlobal
